
Microsoft Visual Studio Solution File, Format Version 12.00
# Visual Studio Version 16
VisualStudioVersion = 16.0.30711.63
MinimumVisualStudioVersion = 10.0.40219.1
Project("{9A19103F-16F7-4668-BE54-9A1E7A4F7556}") = "DanmakuToAss.Library", "DanmakuToAss.Library\DanmakuToAss.Library.csproj", "{6BA03C4A-0D3A-4031-BA9C-A7501EA1125C}"
EndProject
Project("{9A19103F-16F7-4668-BE54-9A1E7A4F7556}") = "DanmakuToAss", "DanmakuToAss\DanmakuToAss.csproj", "{0A0C95C8-DCDD-40BA-9548-0226880A4348}"
EndProject
Project("{9A19103F-16F7-4668-BE54-9A1E7A4F7556}") = "DanmakuToAss.Protobuf", "DanmakuToAss.Protobuf\DanmakuToAss.Protobuf.csproj", "{790669C9-5B89-4F27-836F-7CD215D49C16}"
EndProject
Project("{FAE04EC0-301F-11D3-BF4B-00C04F79EFBC}") = "DanmakuToAss.Test", "DanmakuToAss.Test\DanmakuToAss.Test.csproj", "{E86F664C-39BD-4BFC-9EC2-803599C7542F}"
EndProject
Global
	GlobalSection(SolutionConfigurationPlatforms) = preSolution
		Debug|Any CPU = Debug|Any CPU
		Release|Any CPU = Release|Any CPU
	EndGlobalSection
	GlobalSection(ProjectConfigurationPlatforms) = postSolution
		{6BA03C4A-0D3A-4031-BA9C-A7501EA1125C}.Debug|Any CPU.ActiveCfg = Debug|Any CPU
		{6BA03C4A-0D3A-4031-BA9C-A7501EA1125C}.Debug|Any CPU.Build.0 = Debug|Any CPU
		{6BA03C4A-0D3A-4031-BA9C-A7501EA1125C}.Release|Any CPU.ActiveCfg = Release|Any CPU
		{6BA03C4A-0D3A-4031-BA9C-A7501EA1125C}.Release|Any CPU.Build.0 = Release|Any CPU
		{0A0C95C8-DCDD-40BA-9548-0226880A4348}.Debug|Any CPU.ActiveCfg = Debug|Any CPU
		{0A0C95C8-DCDD-40BA-9548-0226880A4348}.Debug|Any CPU.Build.0 = Debug|Any CPU
		{0A0C95C8-DCDD-40BA-9548-0226880A4348}.Release|Any CPU.ActiveCfg = Release|Any CPU
		{0A0C95C8-DCDD-40BA-9548-0226880A4348}.Release|Any CPU.Build.0 = Release|Any CPU
		{790669C9-5B89-4F27-836F-7CD215D49C16}.Debug|Any CPU.ActiveCfg = Debug|Any CPU
		{790669C9-5B89-4F27-836F-7CD215D49C16}.Debug|Any CPU.Build.0 = Debug|Any CPU
		{790669C9-5B89-4F27-836F-7CD215D49C16}.Release|Any CPU.ActiveCfg = Release|Any CPU
		{790669C9-5B89-4F27-836F-7CD215D49C16}.Release|Any CPU.Build.0 = Release|Any CPU
		{E86F664C-39BD-4BFC-9EC2-803599C7542F}.Debug|Any CPU.ActiveCfg = Debug|Any CPU
		{E86F664C-39BD-4BFC-9EC2-803599C7542F}.Debug|Any CPU.Build.0 = Debug|Any CPU
		{E86F664C-39BD-4BFC-9EC2-803599C7542F}.Release|Any CPU.ActiveCfg = Release|Any CPU
		{E86F664C-39BD-4BFC-9EC2-803599C7542F}.Release|Any CPU.Build.0 = Release|Any CPU
	EndGlobalSection
	GlobalSection(SolutionProperties) = preSolution
		HideSolutionNode = FALSE
	EndGlobalSection
	GlobalSection(ExtensibilityGlobals) = postSolution
		SolutionGuid = {1AE96817-3DD1-4DFF-AFBC-C5B0926A5A9B}
	EndGlobalSection
EndGlobal
